
Microsoft Visual Studio Solution File, Format Version 12.00
# Visual Studio 15
VisualStudioVersion = 15.0.28010.2048
MinimumVisualStudioVersion = 10.0.40219.1
Project("{FAE04EC0-301F-11D3-BF4B-00C04F79EFBC}") = "TabbedPageSamples.Android", "TabbedPageSamples\TabbedPageSamples.Android\TabbedPageSamples.Android.csproj", "{8DF31440-CB5F-42A2-A3DB-5F4A7DB488DB}"
EndProject
Project("{FAE04EC0-301F-11D3-BF4B-00C04F79EFBC}") = "TabbedPageSamples.iOS", "TabbedPageSamples\TabbedPageSamples.iOS\TabbedPageSamples.iOS.csproj", "{0CF5E1F9-9947-4EF7-8372-BCD3FDADAECE}"
EndProject
Project("{FAE04EC0-301F-11D3-BF4B-00C04F79EFBC}") = "TabbedPageSamples", "TabbedPageSamples\TabbedPageSamples\TabbedPageSamples.csproj", "{E619F201-DA97-4329-A611-3A9074AD84CD}"
EndProject
Global
	GlobalSection(SolutionConfigurationPlatforms) = preSolution
		Ad-Hoc|Any CPU = Ad-Hoc|Any CPU
		Ad-Hoc|ARM = Ad-Hoc|ARM
		Ad-Hoc|iPhone = Ad-Hoc|iPhone
		Ad-Hoc|iPhoneSimulator = Ad-Hoc|iPhoneSimulator
		Ad-Hoc|x64 = Ad-Hoc|x64
		Ad-Hoc|x86 = Ad-Hoc|x86
		AppStore|Any CPU = AppStore|Any CPU
		AppStore|ARM = AppStore|ARM
		AppStore|iPhone = AppStore|iPhone
		AppStore|iPhoneSimulator = AppStore|iPhoneSimulator
		AppStore|x64 = AppStore|x64
		AppStore|x86 = AppStore|x86
		Debug|Any CPU = Debug|Any CPU
		Debug|ARM = Debug|ARM
		Debug|iPhone = Debug|iPhone
		Debug|iPhoneSimulator = Debug|iPhoneSimulator
		Debug|x64 = Debug|x64
		Debug|x86 = Debug|x86
		Release|Any CPU = Release|Any CPU
		Release|ARM = Release|ARM
		Release|iPhone = Release|iPhone
		Release|iPhoneSimulator = Release|iPhoneSimulator
		Release|x64 = Release|x64
		Release|x86 = Release|x86
	EndGlobalSection
	GlobalSection(ProjectConfigurationPlatforms) = postSolution
		{8DF31440-CB5F-42A2-A3DB-5F4A7DB488DB}.Ad-Hoc|Any CPU.ActiveCfg = Release|Any CPU
		{8DF31440-CB5F-42A2-A3DB-5F4A7DB488DB}.Ad-Hoc|Any CPU.Build.0 = Release|Any CPU
		{8DF31440-CB5F-42A2-A3DB-5F4A7DB488DB}.Ad-Hoc|Any CPU.Deploy.0 = Release|Any CPU
		{8DF31440-CB5F-42A2-A3DB-5F4A7DB488DB}.Ad-Hoc|ARM.ActiveCfg = Release|Any CPU
		{8DF31440-CB5F-42A2-A3DB-5F4A7DB488DB}.Ad-Hoc|ARM.Build.0 = Release|Any CPU
		{8DF31440-CB5F-42A2-A3DB-5F4A7DB488DB}.Ad-Hoc|ARM.Deploy.0 = Release|Any CPU
		{8DF31440-CB5F-42A2-A3DB-5F4A7DB488DB}.Ad-Hoc|iPhone.ActiveCfg = Release|Any CPU
		{8DF31440-CB5F-42A2-A3DB-5F4A7DB488DB}.Ad-Hoc|iPhone.Build.0 = Release|Any CPU
		{8DF31440-CB5F-42A2-A3DB-5F4A7DB488DB}.Ad-Hoc|iPhone.Deploy.0 = Release|Any CPU
		{8DF31440-CB5F-42A2-A3DB-5F4A7DB488DB}.Ad-Hoc|iPhoneSimulator.ActiveCfg = Release|Any CPU
		{8DF31440-CB5F-42A2-A3DB-5F4A7DB488DB}.Ad-Hoc|iPhoneSimulator.Build.0 = Release|Any CPU
		{8DF31440-CB5F-42A2-A3DB-5F4A7DB488DB}.Ad-Hoc|iPhoneSimulator.Deploy.0 = Release|Any CPU
		{8DF31440-CB5F-42A2-A3DB-5F4A7DB488DB}.Ad-Hoc|x64.ActiveCfg = Release|Any CPU
		{8DF31440-CB5F-42A2-A3DB-5F4A7DB488DB}.Ad-Hoc|x64.Build.0 = Release|Any CPU
		{8DF31440-CB5F-42A2-A3DB-5F4A7DB488DB}.Ad-Hoc|x64.Deploy.0 = Release|Any CPU
		{8DF31440-CB5F-42A2-A3DB-5F4A7DB488DB}.Ad-Hoc|x86.ActiveCfg = Release|Any CPU
		{8DF31440-CB5F-42A2-A3DB-5F4A7DB488DB}.Ad-Hoc|x86.Build.0 = Release|Any CPU
		{8DF31440-CB5F-42A2-A3DB-5F4A7DB488DB}.Ad-Hoc|x86.Deploy.0 = Release|Any CPU
		{8DF31440-CB5F-42A2-A3DB-5F4A7DB488DB}.AppStore|Any CPU.ActiveCfg = Release|Any CPU
		{8DF31440-CB5F-42A2-A3DB-5F4A7DB488DB}.AppStore|Any CPU.Build.0 = Release|Any CPU
		{8DF31440-CB5F-42A2-A3DB-5F4A7DB488DB}.AppStore|Any CPU.Deploy.0 = Release|Any CPU
		{8DF31440-CB5F-42A2-A3DB-5F4A7DB488DB}.AppStore|ARM.ActiveCfg = Release|Any CPU
		{8DF31440-CB5F-42A2-A3DB-5F4A7DB488DB}.AppStore|ARM.Build.0 = Release|Any CPU
		{8DF31440-CB5F-42A2-A3DB-5F4A7DB488DB}.AppStore|ARM.Deploy.0 = Release|Any CPU
		{8DF31440-CB5F-42A2-A3DB-5F4A7DB488DB}.AppStore|iPhone.ActiveCfg = Release|Any CPU
		{8DF31440-CB5F-42A2-A3DB-5F4A7DB488DB}.AppStore|iPhone.Build.0 = Release|Any CPU
		{8DF31440-CB5F-42A2-A3DB-5F4A7DB488DB}.AppStore|iPhone.Deploy.0 = Release|Any CPU
		{8DF31440-CB5F-42A2-A3DB-5F4A7DB488DB}.AppStore|iPhoneSimulator.ActiveCfg = Release|Any CPU
		{8DF31440-CB5F-42A2-A3DB-5F4A7DB488DB}.AppStore|iPhoneSimulator.Build.0 = Release|Any CPU
		{8DF31440-CB5F-42A2-A3DB-5F4A7DB488DB}.AppStore|iPhoneSimulator.Deploy.0 = Release|Any CPU
		{8DF31440-CB5F-42A2-A3DB-5F4A7DB488DB}.AppStore|x64.ActiveCfg = Release|Any CPU
		{8DF31440-CB5F-42A2-A3DB-5F4A7DB488DB}.AppStore|x64.Build.0 = Release|Any CPU
		{8DF31440-CB5F-42A2-A3DB-5F4A7DB488DB}.AppStore|x64.Deploy.0 = Release|Any CPU
		{8DF31440-CB5F-42A2-A3DB-5F4A7DB488DB}.AppStore|x86.ActiveCfg = Release|Any CPU
		{8DF31440-CB5F-42A2-A3DB-5F4A7DB488DB}.AppStore|x86.Build.0 = Release|Any CPU
		{8DF31440-CB5F-42A2-A3DB-5F4A7DB488DB}.AppStore|x86.Deploy.0 = Release|Any CPU
		{8DF31440-CB5F-42A2-A3DB-5F4A7DB488DB}.Debug|Any CPU.ActiveCfg = Debug|Any CPU
		{8DF31440-CB5F-42A2-A3DB-5F4A7DB488DB}.Debug|Any CPU.Build.0 = Debug|Any CPU
		{8DF31440-CB5F-42A2-A3DB-5F4A7DB488DB}.Debug|Any CPU.Deploy.0 = Debug|Any CPU
		{8DF31440-CB5F-42A2-A3DB-5F4A7DB488DB}.Debug|ARM.ActiveCfg = Debug|Any CPU
		{8DF31440-CB5F-42A2-A3DB-5F4A7DB488DB}.Debug|ARM.Build.0 = Debug|Any CPU
		{8DF31440-CB5F-42A2-A3DB-5F4A7DB488DB}.Debug|ARM.Deploy.0 = Debug|Any CPU
		{8DF31440-CB5F-42A2-A3DB-5F4A7DB488DB}.Debug|iPhone.ActiveCfg = Debug|Any CPU
		{8DF31440-CB5F-42A2-A3DB-5F4A7DB488DB}.Debug|iPhone.Build.0 = Debug|Any CPU
		{8DF31440-CB5F-42A2-A3DB-5F4A7DB488DB}.Debug|iPhone.Deploy.0 = Debug|Any CPU
		{8DF31440-CB5F-42A2-A3DB-5F4A7DB488DB}.Debug|iPhoneSimulator.ActiveCfg = Debug|Any CPU
		{8DF31440-CB5F-42A2-A3DB-5F4A7DB488DB}.Debug|iPhoneSimulator.Build.0 = Debug|Any CPU
		{8DF31440-CB5F-42A2-A3DB-5F4A7DB488DB}.Debug|iPhoneSimulator.Deploy.0 = Debug|Any CPU
		{8DF31440-CB5F-42A2-A3DB-5F4A7DB488DB}.Debug|x64.ActiveCfg = Debug|Any CPU
		{8DF31440-CB5F-42A2-A3DB-5F4A7DB488DB}.Debug|x64.Build.0 = Debug|Any CPU
		{8DF31440-CB5F-42A2-A3DB-5F4A7DB488DB}.Debug|x64.Deploy.0 = Debug|Any CPU
		{8DF31440-CB5F-42A2-A3DB-5F4A7DB488DB}.Debug|x86.ActiveCfg = Debug|Any CPU
		{8DF31440-CB5F-42A2-A3DB-5F4A7DB488DB}.Debug|x86.Build.0 = Debug|Any CPU
		{8DF31440-CB5F-42A2-A3DB-5F4A7DB488DB}.Debug|x86.Deploy.0 = Debug|Any CPU
		{8DF31440-CB5F-42A2-A3DB-5F4A7DB488DB}.Release|Any CPU.ActiveCfg = Release|Any CPU
		{8DF31440-CB5F-42A2-A3DB-5F4A7DB488DB}.Release|Any CPU.Build.0 = Release|Any CPU
		{8DF31440-CB5F-42A2-A3DB-5F4A7DB488DB}.Release|Any CPU.Deploy.0 = Release|Any CPU
		{8DF31440-CB5F-42A2-A3DB-5F4A7DB488DB}.Release|ARM.ActiveCfg = Release|Any CPU
		{8DF31440-CB5F-42A2-A3DB-5F4A7DB488DB}.Release|ARM.Build.0 = Release|Any CPU
		{8DF31440-CB5F-42A2-A3DB-5F4A7DB488DB}.Release|ARM.Deploy.0 = Release|Any CPU
		{8DF31440-CB5F-42A2-A3DB-5F4A7DB488DB}.Release|iPhone.ActiveCfg = Release|Any CPU
		{8DF31440-CB5F-42A2-A3DB-5F4A7DB488DB}.Release|iPhone.Build.0 = Release|Any CPU
		{8DF31440-CB5F-42A2-A3DB-5F4A7DB488DB}.Release|iPhone.Deploy.0 = Release|Any CPU
		{8DF31440-CB5F-42A2-A3DB-5F4A7DB488DB}.Release|iPhoneSimulator.ActiveCfg = Release|Any CPU
		{8DF31440-CB5F-42A2-A3DB-5F4A7DB488DB}.Release|iPhoneSimulator.Build.0 = Release|Any CPU
		{8DF31440-CB5F-42A2-A3DB-5F4A7DB488DB}.Release|iPhoneSimulator.Deploy.0 = Release|Any CPU
		{8DF31440-CB5F-42A2-A3DB-5F4A7DB488DB}.Release|x64.ActiveCfg = Release|Any CPU
		{8DF31440-CB5F-42A2-A3DB-5F4A7DB488DB}.Release|x64.Build.0 = Release|Any CPU
		{8DF31440-CB5F-42A2-A3DB-5F4A7DB488DB}.Release|x64.Deploy.0 = Release|Any CPU
		{8DF31440-CB5F-42A2-A3DB-5F4A7DB488DB}.Release|x86.ActiveCfg = Release|Any CPU
		{8DF31440-CB5F-42A2-A3DB-5F4A7DB488DB}.Release|x86.Build.0 = Release|Any CPU
		{8DF31440-CB5F-42A2-A3DB-5F4A7DB488DB}.Release|x86.Deploy.0 = Release|Any CPU
		{0CF5E1F9-9947-4EF7-8372-BCD3FDADAECE}.Ad-Hoc|Any CPU.ActiveCfg = Ad-Hoc|iPhone
		{0CF5E1F9-9947-4EF7-8372-BCD3FDADAECE}.Ad-Hoc|ARM.ActiveCfg = Ad-Hoc|iPhone
		{0CF5E1F9-9947-4EF7-8372-BCD3FDADAECE}.Ad-Hoc|iPhone.ActiveCfg = Ad-Hoc|iPhone
		{0CF5E1F9-9947-4EF7-8372-BCD3FDADAECE}.Ad-Hoc|iPhone.Build.0 = Ad-Hoc|iPhone
		{0CF5E1F9-9947-4EF7-8372-BCD3FDADAECE}.Ad-Hoc|iPhoneSimulator.ActiveCfg = Ad-Hoc|iPhoneSimulator
		{0CF5E1F9-9947-4EF7-8372-BCD3FDADAECE}.Ad-Hoc|iPhoneSimulator.Build.0 = Ad-Hoc|iPhoneSimulator
		{0CF5E1F9-9947-4EF7-8372-BCD3FDADAECE}.Ad-Hoc|x64.ActiveCfg = Ad-Hoc|iPhone
		{0CF5E1F9-9947-4EF7-8372-BCD3FDADAECE}.Ad-Hoc|x86.ActiveCfg = Ad-Hoc|iPhone
		{0CF5E1F9-9947-4EF7-8372-BCD3FDADAECE}.AppStore|Any CPU.ActiveCfg = AppStore|iPhone
		{0CF5E1F9-9947-4EF7-8372-BCD3FDADAECE}.AppStore|ARM.ActiveCfg = AppStore|iPhone
		{0CF5E1F9-9947-4EF7-8372-BCD3FDADAECE}.AppStore|iPhone.ActiveCfg = AppStore|iPhone
		{0CF5E1F9-9947-4EF7-8372-BCD3FDADAECE}.AppStore|iPhone.Build.0 = AppStore|iPhone
		{0CF5E1F9-9947-4EF7-8372-BCD3FDADAECE}.AppStore|iPhoneSimulator.ActiveCfg = AppStore|iPhoneSimulator
		{0CF5E1F9-9947-4EF7-8372-BCD3FDADAECE}.AppStore|iPhoneSimulator.Build.0 = AppStore|iPhoneSimulator
		{0CF5E1F9-9947-4EF7-8372-BCD3FDADAECE}.AppStore|x64.ActiveCfg = AppStore|iPhone
		{0CF5E1F9-9947-4EF7-8372-BCD3FDADAECE}.AppStore|x86.ActiveCfg = AppStore|iPhone
		{0CF5E1F9-9947-4EF7-8372-BCD3FDADAECE}.Debug|Any CPU.ActiveCfg = Debug|iPhone
		{0CF5E1F9-9947-4EF7-8372-BCD3FDADAECE}.Debug|ARM.ActiveCfg = Debug|iPhone
		{0CF5E1F9-9947-4EF7-8372-BCD3FDADAECE}.Debug|iPhone.ActiveCfg = Debug|iPhone
		{0CF5E1F9-9947-4EF7-8372-BCD3FDADAECE}.Debug|iPhone.Build.0 = Debug|iPhone
		{0CF5E1F9-9947-4EF7-8372-BCD3FDADAECE}.Debug|iPhoneSimulator.ActiveCfg = Debug|iPhoneSimulator
		{0CF5E1F9-9947-4EF7-8372-BCD3FDADAECE}.Debug|iPhoneSimulator.Build.0 = Debug|iPhoneSimulator
		{0CF5E1F9-9947-4EF7-8372-BCD3FDADAECE}.Debug|x64.ActiveCfg = Debug|iPhone
		{0CF5E1F9-9947-4EF7-8372-BCD3FDADAECE}.Debug|x86.ActiveCfg = Debug|iPhone
		{0CF5E1F9-9947-4EF7-8372-BCD3FDADAECE}.Release|Any CPU.ActiveCfg = Release|iPhone
		{0CF5E1F9-9947-4EF7-8372-BCD3FDADAECE}.Release|ARM.ActiveCfg = Release|iPhone
		{0CF5E1F9-9947-4EF7-8372-BCD3FDADAECE}.Release|iPhone.ActiveCfg = Release|iPhone
		{0CF5E1F9-9947-4EF7-8372-BCD3FDADAECE}.Release|iPhone.Build.0 = Release|iPhone
		{0CF5E1F9-9947-4EF7-8372-BCD3FDADAECE}.Release|iPhoneSimulator.ActiveCfg = Release|iPhoneSimulator
		{0CF5E1F9-9947-4EF7-8372-BCD3FDADAECE}.Release|iPhoneSimulator.Build.0 = Release|iPhoneSimulator
		{0CF5E1F9-9947-4EF7-8372-BCD3FDADAECE}.Release|x64.ActiveCfg = Release|iPhone
		{0CF5E1F9-9947-4EF7-8372-BCD3FDADAECE}.Release|x86.ActiveCfg = Release|iPhone
		{E619F201-DA97-4329-A611-3A9074AD84CD}.Ad-Hoc|Any CPU.ActiveCfg = Debug|Any CPU
		{E619F201-DA97-4329-A611-3A9074AD84CD}.Ad-Hoc|Any CPU.Build.0 = Debug|Any CPU
		{E619F201-DA97-4329-A611-3A9074AD84CD}.Ad-Hoc|ARM.ActiveCfg = Debug|Any CPU
		{E619F201-DA97-4329-A611-3A9074AD84CD}.Ad-Hoc|ARM.Build.0 = Debug|Any CPU
		{E619F201-DA97-4329-A611-3A9074AD84CD}.Ad-Hoc|iPhone.ActiveCfg = Debug|Any CPU
		{E619F201-DA97-4329-A611-3A9074AD84CD}.Ad-Hoc|iPhone.Build.0 = Debug|Any CPU
		{E619F201-DA97-4329-A611-3A9074AD84CD}.Ad-Hoc|iPhoneSimulator.ActiveCfg = Debug|Any CPU
		{E619F201-DA97-4329-A611-3A9074AD84CD}.Ad-Hoc|iPhoneSimulator.Build.0 = Debug|Any CPU
		{E619F201-DA97-4329-A611-3A9074AD84CD}.Ad-Hoc|x64.ActiveCfg = Debug|Any CPU
		{E619F201-DA97-4329-A611-3A9074AD84CD}.Ad-Hoc|x64.Build.0 = Debug|Any CPU
		{E619F201-DA97-4329-A611-3A9074AD84CD}.Ad-Hoc|x86.ActiveCfg = Debug|Any CPU
		{E619F201-DA97-4329-A611-3A9074AD84CD}.Ad-Hoc|x86.Build.0 = Debug|Any CPU
		{E619F201-DA97-4329-A611-3A9074AD84CD}.AppStore|Any CPU.ActiveCfg = Debug|Any CPU
		{E619F201-DA97-4329-A611-3A9074AD84CD}.AppStore|Any CPU.Build.0 = Debug|Any CPU
		{E619F201-DA97-4329-A611-3A9074AD84CD}.AppStore|ARM.ActiveCfg = Debug|Any CPU
		{E619F201-DA97-4329-A611-3A9074AD84CD}.AppStore|ARM.Build.0 = Debug|Any CPU
		{E619F201-DA97-4329-A611-3A9074AD84CD}.AppStore|iPhone.ActiveCfg = Debug|Any CPU
		{E619F201-DA97-4329-A611-3A9074AD84CD}.AppStore|iPhone.Build.0 = Debug|Any CPU
		{E619F201-DA97-4329-A611-3A9074AD84CD}.AppStore|iPhoneSimulator.ActiveCfg = Debug|Any CPU
		{E619F201-DA97-4329-A611-3A9074AD84CD}.AppStore|iPhoneSimulator.Build.0 = Debug|Any CPU
		{E619F201-DA97-4329-A611-3A9074AD84CD}.AppStore|x64.ActiveCfg = Debug|Any CPU
		{E619F201-DA97-4329-A611-3A9074AD84CD}.AppStore|x64.Build.0 = Debug|Any CPU
		{E619F201-DA97-4329-A611-3A9074AD84CD}.AppStore|x86.ActiveCfg = Debug|Any CPU
		{E619F201-DA97-4329-A611-3A9074AD84CD}.AppStore|x86.Build.0 = Debug|Any CPU
		{E619F201-DA97-4329-A611-3A9074AD84CD}.Debug|Any CPU.ActiveCfg = Debug|Any CPU
		{E619F201-DA97-4329-A611-3A9074AD84CD}.Debug|Any CPU.Build.0 = Debug|Any CPU
		{E619F201-DA97-4329-A611-3A9074AD84CD}.Debug|ARM.ActiveCfg = Debug|Any CPU
		{E619F201-DA97-4329-A611-3A9074AD84CD}.Debug|ARM.Build.0 = Debug|Any CPU
		{E619F201-DA97-4329-A611-3A9074AD84CD}.Debug|iPhone.ActiveCfg = Debug|Any CPU
		{E619F201-DA97-4329-A611-3A9074AD84CD}.Debug|iPhone.Build.0 = Debug|Any CPU
		{E619F201-DA97-4329-A611-3A9074AD84CD}.Debug|iPhoneSimulator.ActiveCfg = Debug|Any CPU
		{E619F201-DA97-4329-A611-3A9074AD84CD}.Debug|iPhoneSimulator.Build.0 = Debug|Any CPU
		{E619F201-DA97-4329-A611-3A9074AD84CD}.Debug|x64.ActiveCfg = Debug|Any CPU
		{E619F201-DA97-4329-A611-3A9074AD84CD}.Debug|x64.Build.0 = Debug|Any CPU
		{E619F201-DA97-4329-A611-3A9074AD84CD}.Debug|x86.ActiveCfg = Debug|Any CPU
		{E619F201-DA97-4329-A611-3A9074AD84CD}.Debug|x86.Build.0 = Debug|Any CPU
		{E619F201-DA97-4329-A611-3A9074AD84CD}.Release|Any CPU.ActiveCfg = Release|Any CPU
		{E619F201-DA97-4329-A611-3A9074AD84CD}.Release|Any CPU.Build.0 = Release|Any CPU
		{E619F201-DA97-4329-A611-3A9074AD84CD}.Release|ARM.ActiveCfg = Release|Any CPU
		{E619F201-DA97-4329-A611-3A9074AD84CD}.Release|ARM.Build.0 = Release|Any CPU
		{E619F201-DA97-4329-A611-3A9074AD84CD}.Release|iPhone.ActiveCfg = Release|Any CPU
		{E619F201-DA97-4329-A611-3A9074AD84CD}.Release|iPhone.Build.0 = Release|Any CPU
		{E619F201-DA97-4329-A611-3A9074AD84CD}.Release|iPhoneSimulator.ActiveCfg = Release|Any CPU
		{E619F201-DA97-4329-A611-3A9074AD84CD}.Release|iPhoneSimulator.Build.0 = Release|Any CPU
		{E619F201-DA97-4329-A611-3A9074AD84CD}.Release|x64.ActiveCfg = Release|Any CPU
		{E619F201-DA97-4329-A611-3A9074AD84CD}.Release|x64.Build.0 = Release|Any CPU
		{E619F201-DA97-4329-A611-3A9074AD84CD}.Release|x86.ActiveCfg = Release|Any CPU
		{E619F201-DA97-4329-A611-3A9074AD84CD}.Release|x86.Build.0 = Release|Any CPU
	EndGlobalSection
	GlobalSection(SolutionProperties) = preSolution
		HideSolutionNode = FALSE
	EndGlobalSection
	GlobalSection(ExtensibilityGlobals) = postSolution
		SolutionGuid = {A9FAFFF2-B0DC-4B75-AEB6-E760BAC7FD93}
	EndGlobalSection
EndGlobal
